
Microsoft Visual Studio Solution File, Format Version 12.00
# Visual Studio Version 17
VisualStudioVersion = 17.7.34024.191
MinimumVisualStudioVersion = 10.0.40219.1
Project("{FAE04EC0-301F-11D3-BF4B-00C04F79EFBC}") = "DROBI DZ", "DROBI DZ\DROBI DZ.csproj", "{575E5882-53DE-4D1D-86A6-C2B3F70319A0}"
EndProject
Global
	GlobalSection(SolutionConfigurationPlatforms) = preSolution
		Debug|Any CPU = Debug|Any CPU
		Release|Any CPU = Release|Any CPU
	EndGlobalSection
	GlobalSection(ProjectConfigurationPlatforms) = postSolution
		{575E5882-53DE-4D1D-86A6-C2B3F70319A0}.Debug|Any CPU.ActiveCfg = Debug|Any CPU
		{575E5882-53DE-4D1D-86A6-C2B3F70319A0}.Debug|Any CPU.Build.0 = Debug|Any CPU
		{575E5882-53DE-4D1D-86A6-C2B3F70319A0}.Release|Any CPU.ActiveCfg = Release|Any CPU
		{575E5882-53DE-4D1D-86A6-C2B3F70319A0}.Release|Any CPU.Build.0 = Release|Any CPU
	EndGlobalSection
	GlobalSection(SolutionProperties) = preSolution
		HideSolutionNode = FALSE
	EndGlobalSection
	GlobalSection(ExtensibilityGlobals) = postSolution
		SolutionGuid = {B3972248-1058-4ECF-B39A-EDB8F616978D}
	EndGlobalSection
EndGlobal
